
Microsoft Visual Studio Solution File, Format Version 12.00
# Visual Studio Version 17
VisualStudioVersion = 17.5.33530.505
MinimumVisualStudioVersion = 10.0.40219.1
Project("{FAE04EC0-301F-11D3-BF4B-00C04F79EFBC}") = "app geek", "app geek\app geek.csproj", "{5E73F91A-E86A-4678-9847-C75F7D288E0F}"
EndProject
Global
	GlobalSection(SolutionConfigurationPlatforms) = preSolution
		Debug|Any CPU = Debug|Any CPU
		Release|Any CPU = Release|Any CPU
	EndGlobalSection
	GlobalSection(ProjectConfigurationPlatforms) = postSolution
		{5E73F91A-E86A-4678-9847-C75F7D288E0F}.Debug|Any CPU.ActiveCfg = Debug|Any CPU
		{5E73F91A-E86A-4678-9847-C75F7D288E0F}.Debug|Any CPU.Build.0 = Debug|Any CPU
		{5E73F91A-E86A-4678-9847-C75F7D288E0F}.Release|Any CPU.ActiveCfg = Release|Any CPU
		{5E73F91A-E86A-4678-9847-C75F7D288E0F}.Release|Any CPU.Build.0 = Release|Any CPU
	EndGlobalSection
	GlobalSection(SolutionProperties) = preSolution
		HideSolutionNode = FALSE
	EndGlobalSection
	GlobalSection(ExtensibilityGlobals) = postSolution
		SolutionGuid = {8232BB18-414D-4A9F-9F5E-1DEFAF9C807F}
	EndGlobalSection
EndGlobal
